
Microsoft Visual Studio Solution File, Format Version 12.00
Project("{FAE04EC0-301F-11D3-BF4B-00C04F79EFBC}") = "OhceKata", "OhceKata\OhceKata.csproj", "{5858C506-C05D-4AE8-812C-FAD02B8DA6EF}"
EndProject
Project("{FAE04EC0-301F-11D3-BF4B-00C04F79EFBC}") = "OhceKata.Test", "OhceKata.Test\OhceKata.Test.csproj", "{6D0A7AF1-F8EB-41F5-BC69-18555C912D24}"
EndProject
Global
	GlobalSection(SolutionConfigurationPlatforms) = preSolution
		Debug|Any CPU = Debug|Any CPU
		Release|Any CPU = Release|Any CPU
	EndGlobalSection
	GlobalSection(ProjectConfigurationPlatforms) = postSolution
		{5858C506-C05D-4AE8-812C-FAD02B8DA6EF}.Debug|Any CPU.ActiveCfg = Debug|Any CPU
		{5858C506-C05D-4AE8-812C-FAD02B8DA6EF}.Debug|Any CPU.Build.0 = Debug|Any CPU
		{5858C506-C05D-4AE8-812C-FAD02B8DA6EF}.Release|Any CPU.ActiveCfg = Release|Any CPU
		{5858C506-C05D-4AE8-812C-FAD02B8DA6EF}.Release|Any CPU.Build.0 = Release|Any CPU
		{6D0A7AF1-F8EB-41F5-BC69-18555C912D24}.Debug|Any CPU.ActiveCfg = Debug|Any CPU
		{6D0A7AF1-F8EB-41F5-BC69-18555C912D24}.Debug|Any CPU.Build.0 = Debug|Any CPU
		{6D0A7AF1-F8EB-41F5-BC69-18555C912D24}.Release|Any CPU.ActiveCfg = Release|Any CPU
		{6D0A7AF1-F8EB-41F5-BC69-18555C912D24}.Release|Any CPU.Build.0 = Release|Any CPU
	EndGlobalSection
EndGlobal
